
Microsoft Visual Studio Solution File, Format Version 12.00
# Visual Studio Version 17
VisualStudioVersion = 17.5.33530.505
MinimumVisualStudioVersion = 10.0.40219.1
Project("{FAE04EC0-301F-11D3-BF4B-00C04F79EFBC}") = "View", "View\View.csproj", "{57F0A895-3E8D-49A2-A68B-E89D08BFB642}"
EndProject
Global
	GlobalSection(SolutionConfigurationPlatforms) = preSolution
		Debug|Any CPU = Debug|Any CPU
		Release|Any CPU = Release|Any CPU
	EndGlobalSection
	GlobalSection(ProjectConfigurationPlatforms) = postSolution
		{57F0A895-3E8D-49A2-A68B-E89D08BFB642}.Debug|Any CPU.ActiveCfg = Debug|Any CPU
		{57F0A895-3E8D-49A2-A68B-E89D08BFB642}.Debug|Any CPU.Build.0 = Debug|Any CPU
		{57F0A895-3E8D-49A2-A68B-E89D08BFB642}.Release|Any CPU.ActiveCfg = Release|Any CPU
		{57F0A895-3E8D-49A2-A68B-E89D08BFB642}.Release|Any CPU.Build.0 = Release|Any CPU
	EndGlobalSection
	GlobalSection(SolutionProperties) = preSolution
		HideSolutionNode = FALSE
	EndGlobalSection
	GlobalSection(ExtensibilityGlobals) = postSolution
		SolutionGuid = {9ED0E9D8-7FE3-497D-869D-53A5470F42CE}
	EndGlobalSection
EndGlobal
