
Microsoft Visual Studio Solution File, Format Version 12.00
# Visual Studio Version 16
VisualStudioVersion = 16.0.32002.261
MinimumVisualStudioVersion = 10.0.40219.1
Project("{FAE04EC0-301F-11D3-BF4B-00C04F79EFBC}") = "ObjectOrientedPractics", "ObjectOrientedPractics\ObjectOrientedPractics.csproj", "{FE0D04D4-8184-4783-A292-D9BE0221B418}"
EndProject
Project("{2150E333-8FDC-42A3-9474-1A3956D46DE8}") = "Solution Items", "Solution Items", "{73C9968D-E797-46A2-AE99-9D34630A8D3C}"
	ProjectSection(SolutionItems) = preProject
		.editorconfig = .editorconfig
	EndProjectSection
EndProject
Global
	GlobalSection(SolutionConfigurationPlatforms) = preSolution
		Debug|Any CPU = Debug|Any CPU
		Release|Any CPU = Release|Any CPU
	EndGlobalSection
	GlobalSection(ProjectConfigurationPlatforms) = postSolution
		{FE0D04D4-8184-4783-A292-D9BE0221B418}.Debug|Any CPU.ActiveCfg = Debug|Any CPU
		{FE0D04D4-8184-4783-A292-D9BE0221B418}.Debug|Any CPU.Build.0 = Debug|Any CPU
		{FE0D04D4-8184-4783-A292-D9BE0221B418}.Release|Any CPU.ActiveCfg = Release|Any CPU
		{FE0D04D4-8184-4783-A292-D9BE0221B418}.Release|Any CPU.Build.0 = Release|Any CPU
	EndGlobalSection
	GlobalSection(SolutionProperties) = preSolution
		HideSolutionNode = FALSE
	EndGlobalSection
	GlobalSection(ExtensibilityGlobals) = postSolution
		SolutionGuid = {16AC0AE1-8421-45D5-AAC1-07A65A0E2008}
	EndGlobalSection
EndGlobal
