
Microsoft Visual Studio Solution File, Format Version 12.00
# Visual Studio Version 16
VisualStudioVersion = 16.0.32002.261
MinimumVisualStudioVersion = 10.0.40219.1
Project("{FAE04EC0-301F-11D3-BF4B-00C04F79EFBC}") = "ObjectOrientedPractics", "ObjectOrientedPractics\ObjectOrientedPractics.csproj", "{7CF61C16-E7E7-41C1-9EC1-F5268D4EC184}"
EndProject
Global
	GlobalSection(SolutionConfigurationPlatforms) = preSolution
		Debug|Any CPU = Debug|Any CPU
		Release|Any CPU = Release|Any CPU
	EndGlobalSection
	GlobalSection(ProjectConfigurationPlatforms) = postSolution
		{7CF61C16-E7E7-41C1-9EC1-F5268D4EC184}.Debug|Any CPU.ActiveCfg = Debug|Any CPU
		{7CF61C16-E7E7-41C1-9EC1-F5268D4EC184}.Debug|Any CPU.Build.0 = Debug|Any CPU
		{7CF61C16-E7E7-41C1-9EC1-F5268D4EC184}.Release|Any CPU.ActiveCfg = Release|Any CPU
		{7CF61C16-E7E7-41C1-9EC1-F5268D4EC184}.Release|Any CPU.Build.0 = Release|Any CPU
	EndGlobalSection
	GlobalSection(SolutionProperties) = preSolution
		HideSolutionNode = FALSE
	EndGlobalSection
	GlobalSection(ExtensibilityGlobals) = postSolution
		SolutionGuid = {F8D17BDE-1492-40F1-AE2F-41F1CC2134C8}
	EndGlobalSection
EndGlobal
